
Microsoft Visual Studio Solution File, Format Version 12.00
# Visual Studio 15
VisualStudioVersion = 15.0.26124.0
MinimumVisualStudioVersion = 15.0.26124.0
Project("{2150E333-8FDC-42A3-9474-1A3956D46DE8}") = "src", "src", "{5EC53EE1-9554-42D6-8945-088B7FB4207C}"
EndProject
Project("{FAE04EC0-301F-11D3-BF4B-00C04F79EFBC}") = "AccountManager.Api", "src\AccountManager.Api\AccountManager.Api.csproj", "{ED8319B0-48D1-4D0C-AE71-E4C8DF831A7E}"
EndProject
Project("{2150E333-8FDC-42A3-9474-1A3956D46DE8}") = "test", "test", "{E8AA83EC-94B0-4AE0-8234-4EBFEA987EAE}"
EndProject
Project("{FAE04EC0-301F-11D3-BF4B-00C04F79EFBC}") = "AccountManager.Tests", "test\AccountManager.Tests\AccountManager.Tests.csproj", "{456726F0-3471-4777-8A53-374E6C043000}"
EndProject
Project("{E53339B2-1760-4266-BCC7-CA923CBCF16C}") = "docker-compose", "docker-compose.dcproj", "{034B6199-F714-45E6-9862-81812CCD284C}"
EndProject
Global
	GlobalSection(SolutionConfigurationPlatforms) = preSolution
		Debug|Any CPU = Debug|Any CPU
		Debug|x64 = Debug|x64
		Debug|x86 = Debug|x86
		Release|Any CPU = Release|Any CPU
		Release|x64 = Release|x64
		Release|x86 = Release|x86
	EndGlobalSection
	GlobalSection(SolutionProperties) = preSolution
		HideSolutionNode = FALSE
	EndGlobalSection
	GlobalSection(ProjectConfigurationPlatforms) = postSolution
		{ED8319B0-48D1-4D0C-AE71-E4C8DF831A7E}.Debug|Any CPU.ActiveCfg = Debug|Any CPU
		{ED8319B0-48D1-4D0C-AE71-E4C8DF831A7E}.Debug|Any CPU.Build.0 = Debug|Any CPU
		{ED8319B0-48D1-4D0C-AE71-E4C8DF831A7E}.Debug|x64.ActiveCfg = Debug|Any CPU
		{ED8319B0-48D1-4D0C-AE71-E4C8DF831A7E}.Debug|x64.Build.0 = Debug|Any CPU
		{ED8319B0-48D1-4D0C-AE71-E4C8DF831A7E}.Debug|x86.ActiveCfg = Debug|Any CPU
		{ED8319B0-48D1-4D0C-AE71-E4C8DF831A7E}.Debug|x86.Build.0 = Debug|Any CPU
		{ED8319B0-48D1-4D0C-AE71-E4C8DF831A7E}.Release|Any CPU.ActiveCfg = Release|Any CPU
		{ED8319B0-48D1-4D0C-AE71-E4C8DF831A7E}.Release|Any CPU.Build.0 = Release|Any CPU
		{ED8319B0-48D1-4D0C-AE71-E4C8DF831A7E}.Release|x64.ActiveCfg = Release|Any CPU
		{ED8319B0-48D1-4D0C-AE71-E4C8DF831A7E}.Release|x64.Build.0 = Release|Any CPU
		{ED8319B0-48D1-4D0C-AE71-E4C8DF831A7E}.Release|x86.ActiveCfg = Release|Any CPU
		{ED8319B0-48D1-4D0C-AE71-E4C8DF831A7E}.Release|x86.Build.0 = Release|Any CPU
		{456726F0-3471-4777-8A53-374E6C043000}.Debug|Any CPU.ActiveCfg = Debug|Any CPU
		{456726F0-3471-4777-8A53-374E6C043000}.Debug|Any CPU.Build.0 = Debug|Any CPU
		{456726F0-3471-4777-8A53-374E6C043000}.Debug|x64.ActiveCfg = Debug|Any CPU
		{456726F0-3471-4777-8A53-374E6C043000}.Debug|x64.Build.0 = Debug|Any CPU
		{456726F0-3471-4777-8A53-374E6C043000}.Debug|x86.ActiveCfg = Debug|Any CPU
		{456726F0-3471-4777-8A53-374E6C043000}.Debug|x86.Build.0 = Debug|Any CPU
		{456726F0-3471-4777-8A53-374E6C043000}.Release|Any CPU.ActiveCfg = Release|Any CPU
		{456726F0-3471-4777-8A53-374E6C043000}.Release|Any CPU.Build.0 = Release|Any CPU
		{456726F0-3471-4777-8A53-374E6C043000}.Release|x64.ActiveCfg = Release|Any CPU
		{456726F0-3471-4777-8A53-374E6C043000}.Release|x64.Build.0 = Release|Any CPU
		{456726F0-3471-4777-8A53-374E6C043000}.Release|x86.ActiveCfg = Release|Any CPU
		{456726F0-3471-4777-8A53-374E6C043000}.Release|x86.Build.0 = Release|Any CPU
		{034B6199-F714-45E6-9862-81812CCD284C}.Debug|Any CPU.ActiveCfg = Debug|Any CPU
		{034B6199-F714-45E6-9862-81812CCD284C}.Debug|Any CPU.Build.0 = Debug|Any CPU
		{034B6199-F714-45E6-9862-81812CCD284C}.Debug|x64.ActiveCfg = Debug|Any CPU
		{034B6199-F714-45E6-9862-81812CCD284C}.Debug|x64.Build.0 = Debug|Any CPU
		{034B6199-F714-45E6-9862-81812CCD284C}.Debug|x86.ActiveCfg = Debug|Any CPU
		{034B6199-F714-45E6-9862-81812CCD284C}.Debug|x86.Build.0 = Debug|Any CPU
		{034B6199-F714-45E6-9862-81812CCD284C}.Release|Any CPU.ActiveCfg = Release|Any CPU
		{034B6199-F714-45E6-9862-81812CCD284C}.Release|Any CPU.Build.0 = Release|Any CPU
		{034B6199-F714-45E6-9862-81812CCD284C}.Release|x64.ActiveCfg = Release|Any CPU
		{034B6199-F714-45E6-9862-81812CCD284C}.Release|x64.Build.0 = Release|Any CPU
		{034B6199-F714-45E6-9862-81812CCD284C}.Release|x86.ActiveCfg = Release|Any CPU
		{034B6199-F714-45E6-9862-81812CCD284C}.Release|x86.Build.0 = Release|Any CPU
	EndGlobalSection
	GlobalSection(NestedProjects) = preSolution
		{ED8319B0-48D1-4D0C-AE71-E4C8DF831A7E} = {5EC53EE1-9554-42D6-8945-088B7FB4207C}
		{456726F0-3471-4777-8A53-374E6C043000} = {E8AA83EC-94B0-4AE0-8234-4EBFEA987EAE}
	EndGlobalSection
EndGlobal
